
Microsoft Visual Studio Solution File, Format Version 12.00
# Visual Studio 2013
VisualStudioVersion = 12.0.30723.0
MinimumVisualStudioVersion = 10.0.40219.1
Project("{2150E333-8FDC-42A3-9474-1A3956D46DE8}") = "Bill Application", "Bill Application", "{2B8C15AE-62D4-4162-8DD4-845BC429B209}"
EndProject
Project("{FAE04EC0-301F-11D3-BF4B-00C04F79EFBC}") = "Bill_John", "Bill_John\Bill_John.csproj", "{C606DF97-1557-4DEF-8420-0C7456D5C8C6}"
EndProject
Project("{FAE04EC0-301F-11D3-BF4B-00C04F79EFBC}") = "BillJazzly", "BillJazzly\BillJazzly.csproj", "{0BAAC805-A7BF-4932-90CA-489A7930A1CB}"
EndProject
Project("{2150E333-8FDC-42A3-9474-1A3956D46DE8}") = "Project_Johnwesley_Part3", "Project_Johnwesley_Part3", "{6C642A59-F8A9-405B-A726-617C23B5190F}"
EndProject
Global
	GlobalSection(SolutionConfigurationPlatforms) = preSolution
		CD_ROM|Any CPU = CD_ROM|Any CPU
		CD_ROM|ARM = CD_ROM|ARM
		CD_ROM|x64 = CD_ROM|x64
		CD_ROM|x86 = CD_ROM|x86
		Debug|Any CPU = Debug|Any CPU
		Debug|ARM = Debug|ARM
		Debug|x64 = Debug|x64
		Debug|x86 = Debug|x86
		DVD-5|Any CPU = DVD-5|Any CPU
		DVD-5|ARM = DVD-5|ARM
		DVD-5|x64 = DVD-5|x64
		DVD-5|x86 = DVD-5|x86
		Release|Any CPU = Release|Any CPU
		Release|ARM = Release|ARM
		Release|x64 = Release|x64
		Release|x86 = Release|x86
		SingleImage|Any CPU = SingleImage|Any CPU
		SingleImage|ARM = SingleImage|ARM
		SingleImage|x64 = SingleImage|x64
		SingleImage|x86 = SingleImage|x86
	EndGlobalSection
	GlobalSection(ProjectConfigurationPlatforms) = postSolution
		{C606DF97-1557-4DEF-8420-0C7456D5C8C6}.CD_ROM|Any CPU.ActiveCfg = Release|Any CPU
		{C606DF97-1557-4DEF-8420-0C7456D5C8C6}.CD_ROM|Any CPU.Build.0 = Release|Any CPU
		{C606DF97-1557-4DEF-8420-0C7456D5C8C6}.CD_ROM|ARM.ActiveCfg = Release|Any CPU
		{C606DF97-1557-4DEF-8420-0C7456D5C8C6}.CD_ROM|x64.ActiveCfg = Release|Any CPU
		{C606DF97-1557-4DEF-8420-0C7456D5C8C6}.CD_ROM|x86.ActiveCfg = Release|Any CPU
		{C606DF97-1557-4DEF-8420-0C7456D5C8C6}.Debug|Any CPU.ActiveCfg = Debug|Any CPU
		{C606DF97-1557-4DEF-8420-0C7456D5C8C6}.Debug|Any CPU.Build.0 = Debug|Any CPU
		{C606DF97-1557-4DEF-8420-0C7456D5C8C6}.Debug|ARM.ActiveCfg = Debug|Any CPU
		{C606DF97-1557-4DEF-8420-0C7456D5C8C6}.Debug|x64.ActiveCfg = Debug|Any CPU
		{C606DF97-1557-4DEF-8420-0C7456D5C8C6}.Debug|x86.ActiveCfg = Debug|Any CPU
		{C606DF97-1557-4DEF-8420-0C7456D5C8C6}.DVD-5|Any CPU.ActiveCfg = Debug|Any CPU
		{C606DF97-1557-4DEF-8420-0C7456D5C8C6}.DVD-5|Any CPU.Build.0 = Debug|Any CPU
		{C606DF97-1557-4DEF-8420-0C7456D5C8C6}.DVD-5|ARM.ActiveCfg = Debug|Any CPU
		{C606DF97-1557-4DEF-8420-0C7456D5C8C6}.DVD-5|x64.ActiveCfg = Debug|Any CPU
		{C606DF97-1557-4DEF-8420-0C7456D5C8C6}.DVD-5|x86.ActiveCfg = Debug|Any CPU
		{C606DF97-1557-4DEF-8420-0C7456D5C8C6}.Release|Any CPU.ActiveCfg = Release|Any CPU
		{C606DF97-1557-4DEF-8420-0C7456D5C8C6}.Release|Any CPU.Build.0 = Release|Any CPU
		{C606DF97-1557-4DEF-8420-0C7456D5C8C6}.Release|ARM.ActiveCfg = Release|Any CPU
		{C606DF97-1557-4DEF-8420-0C7456D5C8C6}.Release|x64.ActiveCfg = Release|Any CPU
		{C606DF97-1557-4DEF-8420-0C7456D5C8C6}.Release|x86.ActiveCfg = Release|Any CPU
		{C606DF97-1557-4DEF-8420-0C7456D5C8C6}.SingleImage|Any CPU.ActiveCfg = Release|Any CPU
		{C606DF97-1557-4DEF-8420-0C7456D5C8C6}.SingleImage|Any CPU.Build.0 = Release|Any CPU
		{C606DF97-1557-4DEF-8420-0C7456D5C8C6}.SingleImage|ARM.ActiveCfg = Release|Any CPU
		{C606DF97-1557-4DEF-8420-0C7456D5C8C6}.SingleImage|x64.ActiveCfg = Release|Any CPU
		{C606DF97-1557-4DEF-8420-0C7456D5C8C6}.SingleImage|x86.ActiveCfg = Release|Any CPU
		{0BAAC805-A7BF-4932-90CA-489A7930A1CB}.CD_ROM|Any CPU.ActiveCfg = Release|Any CPU
		{0BAAC805-A7BF-4932-90CA-489A7930A1CB}.CD_ROM|Any CPU.Build.0 = Release|Any CPU
		{0BAAC805-A7BF-4932-90CA-489A7930A1CB}.CD_ROM|ARM.ActiveCfg = Release|Any CPU
		{0BAAC805-A7BF-4932-90CA-489A7930A1CB}.CD_ROM|x64.ActiveCfg = Release|Any CPU
		{0BAAC805-A7BF-4932-90CA-489A7930A1CB}.CD_ROM|x86.ActiveCfg = Release|Any CPU
		{0BAAC805-A7BF-4932-90CA-489A7930A1CB}.Debug|Any CPU.ActiveCfg = Debug|Any CPU
		{0BAAC805-A7BF-4932-90CA-489A7930A1CB}.Debug|Any CPU.Build.0 = Debug|Any CPU
		{0BAAC805-A7BF-4932-90CA-489A7930A1CB}.Debug|ARM.ActiveCfg = Debug|Any CPU
		{0BAAC805-A7BF-4932-90CA-489A7930A1CB}.Debug|x64.ActiveCfg = Debug|Any CPU
		{0BAAC805-A7BF-4932-90CA-489A7930A1CB}.Debug|x86.ActiveCfg = Debug|Any CPU
		{0BAAC805-A7BF-4932-90CA-489A7930A1CB}.DVD-5|Any CPU.ActiveCfg = Debug|Any CPU
		{0BAAC805-A7BF-4932-90CA-489A7930A1CB}.DVD-5|Any CPU.Build.0 = Debug|Any CPU
		{0BAAC805-A7BF-4932-90CA-489A7930A1CB}.DVD-5|ARM.ActiveCfg = Debug|Any CPU
		{0BAAC805-A7BF-4932-90CA-489A7930A1CB}.DVD-5|x64.ActiveCfg = Debug|Any CPU
		{0BAAC805-A7BF-4932-90CA-489A7930A1CB}.DVD-5|x86.ActiveCfg = Debug|Any CPU
		{0BAAC805-A7BF-4932-90CA-489A7930A1CB}.Release|Any CPU.ActiveCfg = Release|Any CPU
		{0BAAC805-A7BF-4932-90CA-489A7930A1CB}.Release|Any CPU.Build.0 = Release|Any CPU
		{0BAAC805-A7BF-4932-90CA-489A7930A1CB}.Release|ARM.ActiveCfg = Release|Any CPU
		{0BAAC805-A7BF-4932-90CA-489A7930A1CB}.Release|x64.ActiveCfg = Release|Any CPU
		{0BAAC805-A7BF-4932-90CA-489A7930A1CB}.Release|x86.ActiveCfg = Release|Any CPU
		{0BAAC805-A7BF-4932-90CA-489A7930A1CB}.SingleImage|Any CPU.ActiveCfg = Release|Any CPU
		{0BAAC805-A7BF-4932-90CA-489A7930A1CB}.SingleImage|Any CPU.Build.0 = Release|Any CPU
		{0BAAC805-A7BF-4932-90CA-489A7930A1CB}.SingleImage|ARM.ActiveCfg = Release|Any CPU
		{0BAAC805-A7BF-4932-90CA-489A7930A1CB}.SingleImage|x64.ActiveCfg = Release|Any CPU
		{0BAAC805-A7BF-4932-90CA-489A7930A1CB}.SingleImage|x86.ActiveCfg = Release|Any CPU
	EndGlobalSection
	GlobalSection(SolutionProperties) = preSolution
		HideSolutionNode = FALSE
	EndGlobalSection
	GlobalSection(NestedProjects) = preSolution
		{C606DF97-1557-4DEF-8420-0C7456D5C8C6} = {2B8C15AE-62D4-4162-8DD4-845BC429B209}
		{0BAAC805-A7BF-4932-90CA-489A7930A1CB} = {2B8C15AE-62D4-4162-8DD4-845BC429B209}
	EndGlobalSection
EndGlobal
